// !$*UTF8*$!
{
	archiveVersion = 1;
	classes = {
	};
	objectVersion = 77;
	objects = {

/* Begin PBXBuildFile section */
		0B63FA551C8904F5B07F3EDB /* DisplayPlusApp.swift in Sources */ = {isa = PBXBuildFile; fileRef = EB866E68EB7960C281B146AA /* DisplayPlusApp.swift */; };
		0DA09AF3AE0DCC0E990FA8BE /* DisplayInfo.swift in Sources */ = {isa = PBXBuildFile; fileRef = D565F12986F042D95765A328 /* DisplayInfo.swift */; };
		1B0372FDD54AC66E68427365 /* ResolutionService.swift in Sources */ = {isa = PBXBuildFile; fileRef = 1410232C2FB5BCD00EA8DA61 /* ResolutionService.swift */; };
		21981517B3785F32736D63A3 /* AppDelegate.swift in Sources */ = {isa = PBXBuildFile; fileRef = EF268C77AECB2F3FE7DFAB66 /* AppDelegate.swift */; };
		2C5E59D6AE30F0077425E258 /* MenuBarView.swift in Sources */ = {isa = PBXBuildFile; fileRef = 6CF540A987F86F079A762811 /* MenuBarView.swift */; };
		34EF0C890F609CDC83DCBC1E /* Theme.swift in Sources */ = {isa = PBXBuildFile; fileRef = 405ED74D355C3C7B22D324DB /* Theme.swift */; };
		3673F6C51FD8C7AA597DD0F5 /* DisplayDetailView.swift in Sources */ = {isa = PBXBuildFile; fileRef = 19F2BA53DBBC1FFDE977A7BA /* DisplayDetailView.swift */; };
		3F30FF985F1E5A665D595AEB /* NSScreenExtension.swift in Sources */ = {isa = PBXBuildFile; fileRef = 47E4CF64E70206F67B703F48 /* NSScreenExtension.swift */; };
		66AEB947A33F786844F6C8CB /* DisplayManager.swift in Sources */ = {isa = PBXBuildFile; fileRef = 5E14AF80B8AC0F43E9CB68C2 /* DisplayManager.swift */; };
		6D8483E4887E91310C132462 /* HiDPIView.swift in Sources */ = {isa = PBXBuildFile; fileRef = C7F25CF8FAF43EE3AFF4C3FD /* HiDPIView.swift */; };
		87F8CF607D4C79E000D0BF81 /* DisplayModeListView.swift in Sources */ = {isa = PBXBuildFile; fileRef = 9423ED11A2BB99D0A1136761 /* DisplayModeListView.swift */; };
		A6199657AB4F285B985E8E4B /* DisplayConnectionService.swift in Sources */ = {isa = PBXBuildFile; fileRef = 6F46880FD3F9588CF41800CE /* DisplayConnectionService.swift */; };
		AFF49E19772BA6FD6F337A50 /* DisplayMode.swift in Sources */ = {isa = PBXBuildFile; fileRef = 4B5AA6336EC66F8875A7AAF4 /* DisplayMode.swift */; };
		B745394500D5CB57EE0DF113 /* CGHelpers.swift in Sources */ = {isa = PBXBuildFile; fileRef = B51E8D4D8D3C79D69AD7D674 /* CGHelpers.swift */; };
		BAA49233670A567A7FA349D8 /* HiDPIService.swift in Sources */ = {isa = PBXBuildFile; fileRef = CF042F0E8A2C39B17384F37A /* HiDPIService.swift */; };
		C6EE05687E5EBF1E1DE0E7AB /* Assets.xcassets in Resources */ = {isa = PBXBuildFile; fileRef = 1956DA397A2F3306D4BE2D59 /* Assets.xcassets */; };
		CFA325C25D59970048F7BB16 /* CGSDisplayService.swift in Sources */ = {isa = PBXBuildFile; fileRef = 6AFBA874F7B99A3EEE73F901 /* CGSDisplayService.swift */; };
		DE7ABAE1A19742DD2C4403FD /* Cards.swift in Sources */ = {isa = PBXBuildFile; fileRef = AF2D9FDC3A4F3EF9AE28BAFE /* Cards.swift */; };
		DECCC737644802A0DE443B25 /* Assets.xcassets in Resources */ = {isa = PBXBuildFile; fileRef = 68698B19F1870CCEFBE0F0FE /* Assets.xcassets */; };
/* End PBXBuildFile section */

/* Begin PBXFileReference section */
		1410232C2FB5BCD00EA8DA61 /* ResolutionService.swift */ = {isa = PBXFileReference; lastKnownFileType = sourcecode.swift; path = ResolutionService.swift; sourceTree = "<group>"; };
		1956DA397A2F3306D4BE2D59 /* Assets.xcassets */ = {isa = PBXFileReference; lastKnownFileType = folder.assetcatalog; path = Assets.xcassets; sourceTree = "<group>"; };
		19F2BA53DBBC1FFDE977A7BA /* DisplayDetailView.swift */ = {isa = PBXFileReference; lastKnownFileType = sourcecode.swift; path = DisplayDetailView.swift; sourceTree = "<group>"; };
		31EC3209D882FB7B106E3DC8 /* DisplayPlus.app */ = {isa = PBXFileReference; explicitFileType = wrapper.application; includeInIndex = 0; path = DisplayPlus.app; sourceTree = BUILT_PRODUCTS_DIR; };
		405ED74D355C3C7B22D324DB /* Theme.swift */ = {isa = PBXFileReference; lastKnownFileType = sourcecode.swift; path = Theme.swift; sourceTree = "<group>"; };
		47E4CF64E70206F67B703F48 /* NSScreenExtension.swift */ = {isa = PBXFileReference; lastKnownFileType = sourcecode.swift; path = NSScreenExtension.swift; sourceTree = "<group>"; };
		4B5AA6336EC66F8875A7AAF4 /* DisplayMode.swift */ = {isa = PBXFileReference; lastKnownFileType = sourcecode.swift; path = DisplayMode.swift; sourceTree = "<group>"; };
		5E14AF80B8AC0F43E9CB68C2 /* DisplayManager.swift */ = {isa = PBXFileReference; lastKnownFileType = sourcecode.swift; path = DisplayManager.swift; sourceTree = "<group>"; };
		68698B19F1870CCEFBE0F0FE /* Assets.xcassets */ = {isa = PBXFileReference; lastKnownFileType = folder.assetcatalog; path = Assets.xcassets; sourceTree = "<group>"; };
		6AFBA874F7B99A3EEE73F901 /* CGSDisplayService.swift */ = {isa = PBXFileReference; lastKnownFileType = sourcecode.swift; path = CGSDisplayService.swift; sourceTree = "<group>"; };
		6CF540A987F86F079A762811 /* MenuBarView.swift */ = {isa = PBXFileReference; lastKnownFileType = sourcecode.swift; path = MenuBarView.swift; sourceTree = "<group>"; };
		6F46880FD3F9588CF41800CE /* DisplayConnectionService.swift */ = {isa = PBXFileReference; lastKnownFileType = sourcecode.swift; path = DisplayConnectionService.swift; sourceTree = "<group>"; };
		9423ED11A2BB99D0A1136761 /* DisplayModeListView.swift */ = {isa = PBXFileReference; lastKnownFileType = sourcecode.swift; path = DisplayModeListView.swift; sourceTree = "<group>"; };
		AF2D9FDC3A4F3EF9AE28BAFE /* Cards.swift */ = {isa = PBXFileReference; lastKnownFileType = sourcecode.swift; path = Cards.swift; sourceTree = "<group>"; };
		B51E8D4D8D3C79D69AD7D674 /* CGHelpers.swift */ = {isa = PBXFileReference; lastKnownFileType = sourcecode.swift; path = CGHelpers.swift; sourceTree = "<group>"; };
		B59A18823853A80A54B780EF /* DisplayPlus.entitlements */ = {isa = PBXFileReference; lastKnownFileType = text.plist.entitlements; path = DisplayPlus.entitlements; sourceTree = "<group>"; };
		C7F25CF8FAF43EE3AFF4C3FD /* HiDPIView.swift */ = {isa = PBXFileReference; lastKnownFileType = sourcecode.swift; path = HiDPIView.swift; sourceTree = "<group>"; };
		CF042F0E8A2C39B17384F37A /* HiDPIService.swift */ = {isa = PBXFileReference; lastKnownFileType = sourcecode.swift; path = HiDPIService.swift; sourceTree = "<group>"; };
		D565F12986F042D95765A328 /* DisplayInfo.swift */ = {isa = PBXFileReference; lastKnownFileType = sourcecode.swift; path = DisplayInfo.swift; sourceTree = "<group>"; };
		EB866E68EB7960C281B146AA /* DisplayPlusApp.swift */ = {isa = PBXFileReference; lastKnownFileType = sourcecode.swift; path = DisplayPlusApp.swift; sourceTree = "<group>"; };
		EF268C77AECB2F3FE7DFAB66 /* AppDelegate.swift */ = {isa = PBXFileReference; lastKnownFileType = sourcecode.swift; path = AppDelegate.swift; sourceTree = "<group>"; };
/* End PBXFileReference section */

/* Begin PBXGroup section */
		4EC66CCB2230E87F20166430 /* Products */ = {
			isa = PBXGroup;
			children = (
				31EC3209D882FB7B106E3DC8 /* DisplayPlus.app */,
			);
			name = Products;
			sourceTree = "<group>";
		};
		4ECD9FFA400249F3A15C7A11 /* Services */ = {
			isa = PBXGroup;
			children = (
				B51E8D4D8D3C79D69AD7D674 /* CGHelpers.swift */,
				6AFBA874F7B99A3EEE73F901 /* CGSDisplayService.swift */,
				6F46880FD3F9588CF41800CE /* DisplayConnectionService.swift */,
				5E14AF80B8AC0F43E9CB68C2 /* DisplayManager.swift */,
				CF042F0E8A2C39B17384F37A /* HiDPIService.swift */,
				1410232C2FB5BCD00EA8DA61 /* ResolutionService.swift */,
			);
			path = Services;
			sourceTree = "<group>";
		};
		8EE09DCCFCA98AA849E2543D /* DesignSystem */ = {
			isa = PBXGroup;
			children = (
				AF2D9FDC3A4F3EF9AE28BAFE /* Cards.swift */,
				405ED74D355C3C7B22D324DB /* Theme.swift */,
			);
			path = DesignSystem;
			sourceTree = "<group>";
		};
		B7768D10EC536892F5756E18 /* Views */ = {
			isa = PBXGroup;
			children = (
				19F2BA53DBBC1FFDE977A7BA /* DisplayDetailView.swift */,
				9423ED11A2BB99D0A1136761 /* DisplayModeListView.swift */,
				C7F25CF8FAF43EE3AFF4C3FD /* HiDPIView.swift */,
				6CF540A987F86F079A762811 /* MenuBarView.swift */,
			);
			path = Views;
			sourceTree = "<group>";
		};
		D187D632FB8255F1D42BE1B8 /* App */ = {
			isa = PBXGroup;
			children = (
				EF268C77AECB2F3FE7DFAB66 /* AppDelegate.swift */,
				EB866E68EB7960C281B146AA /* DisplayPlusApp.swift */,
			);
			path = App;
			sourceTree = "<group>";
		};
		D5E24E50E3C982D69DFFE02F /* Resources */ = {
			isa = PBXGroup;
			children = (
				68698B19F1870CCEFBE0F0FE /* Assets.xcassets */,
			);
			path = Resources;
			sourceTree = "<group>";
		};
		D7D445145CD7C7335B02DBE4 /* Models */ = {
			isa = PBXGroup;
			children = (
				D565F12986F042D95765A328 /* DisplayInfo.swift */,
				4B5AA6336EC66F8875A7AAF4 /* DisplayMode.swift */,
			);
			path = Models;
			sourceTree = "<group>";
		};
		F0CF4F473274C0364500B60F /* Utilities */ = {
			isa = PBXGroup;
			children = (
				47E4CF64E70206F67B703F48 /* NSScreenExtension.swift */,
			);
			path = Utilities;
			sourceTree = "<group>";
		};
		FDD7263A3FEF6AE19BA2AC8B = {
			isa = PBXGroup;
			children = (
				FFD77C2E109C05F18369FBC5 /* DisplayPlus */,
				4EC66CCB2230E87F20166430 /* Products */,
			);
			sourceTree = "<group>";
		};
		FFD77C2E109C05F18369FBC5 /* DisplayPlus */ = {
			isa = PBXGroup;
			children = (
				1956DA397A2F3306D4BE2D59 /* Assets.xcassets */,
				B59A18823853A80A54B780EF /* DisplayPlus.entitlements */,
				D187D632FB8255F1D42BE1B8 /* App */,
				8EE09DCCFCA98AA849E2543D /* DesignSystem */,
				D7D445145CD7C7335B02DBE4 /* Models */,
				D5E24E50E3C982D69DFFE02F /* Resources */,
				4ECD9FFA400249F3A15C7A11 /* Services */,
				F0CF4F473274C0364500B60F /* Utilities */,
				B7768D10EC536892F5756E18 /* Views */,
			);
			path = DisplayPlus;
			sourceTree = "<group>";
		};
/* End PBXGroup section */

/* Begin PBXNativeTarget section */
		7CBE791C2E44742FC14C339E /* DisplayPlus */ = {
			isa = PBXNativeTarget;
			buildConfigurationList = B7FAE3450150E3C5DFD82D56 /* Build configuration list for PBXNativeTarget "DisplayPlus" */;
			buildPhases = (
				986536A2CAFECE92070D122B /* Sources */,
				E5E6855140369750343F92D7 /* Resources */,
			);
			buildRules = (
			);
			dependencies = (
			);
			name = DisplayPlus;
			packageProductDependencies = (
			);
			productName = DisplayPlus;
			productReference = 31EC3209D882FB7B106E3DC8 /* DisplayPlus.app */;
			productType = "com.apple.product-type.application";
		};
/* End PBXNativeTarget section */

/* Begin PBXProject section */
		5F6DB6EF0C511644AA5666C1 /* Project object */ = {
			isa = PBXProject;
			attributes = {
				BuildIndependentTargetsInParallel = YES;
				LastUpgradeCheck = 1430;
				TargetAttributes = {
				};
			};
			buildConfigurationList = ADA547EB0366E5D3D2229342 /* Build configuration list for PBXProject "DisplayPlus" */;
			developmentRegion = en;
			hasScannedForEncodings = 0;
			knownRegions = (
				Base,
				en,
			);
			mainGroup = FDD7263A3FEF6AE19BA2AC8B;
			minimizedProjectReferenceProxies = 1;
			preferredProjectObjectVersion = 77;
			productRefGroup = 4EC66CCB2230E87F20166430 /* Products */;
			projectDirPath = "";
			projectRoot = "";
			targets = (
				7CBE791C2E44742FC14C339E /* DisplayPlus */,
			);
		};
/* End PBXProject section */

/* Begin PBXResourcesBuildPhase section */
		E5E6855140369750343F92D7 /* Resources */ = {
			isa = PBXResourcesBuildPhase;
			buildActionMask = 2147483647;
			files = (
				C6EE05687E5EBF1E1DE0E7AB /* Assets.xcassets in Resources */,
				DECCC737644802A0DE443B25 /* Assets.xcassets in Resources */,
			);
			runOnlyForDeploymentPostprocessing = 0;
		};
/* End PBXResourcesBuildPhase section */

/* Begin PBXSourcesBuildPhase section */
		986536A2CAFECE92070D122B /* Sources */ = {
			isa = PBXSourcesBuildPhase;
			buildActionMask = 2147483647;
			files = (
				21981517B3785F32736D63A3 /* AppDelegate.swift in Sources */,
				B745394500D5CB57EE0DF113 /* CGHelpers.swift in Sources */,
				CFA325C25D59970048F7BB16 /* CGSDisplayService.swift in Sources */,
				DE7ABAE1A19742DD2C4403FD /* Cards.swift in Sources */,
				A6199657AB4F285B985E8E4B /* DisplayConnectionService.swift in Sources */,
				3673F6C51FD8C7AA597DD0F5 /* DisplayDetailView.swift in Sources */,
				0DA09AF3AE0DCC0E990FA8BE /* DisplayInfo.swift in Sources */,
				66AEB947A33F786844F6C8CB /* DisplayManager.swift in Sources */,
				AFF49E19772BA6FD6F337A50 /* DisplayMode.swift in Sources */,
				87F8CF607D4C79E000D0BF81 /* DisplayModeListView.swift in Sources */,
				0B63FA551C8904F5B07F3EDB /* DisplayPlusApp.swift in Sources */,
				BAA49233670A567A7FA349D8 /* HiDPIService.swift in Sources */,
				6D8483E4887E91310C132462 /* HiDPIView.swift in Sources */,
				2C5E59D6AE30F0077425E258 /* MenuBarView.swift in Sources */,
				3F30FF985F1E5A665D595AEB /* NSScreenExtension.swift in Sources */,
				1B0372FDD54AC66E68427365 /* ResolutionService.swift in Sources */,
				34EF0C890F609CDC83DCBC1E /* Theme.swift in Sources */,
			);
			runOnlyForDeploymentPostprocessing = 0;
		};
/* End PBXSourcesBuildPhase section */

/* Begin XCBuildConfiguration section */
		2FCCCE1BFA6DF04F49F915D6 /* Debug */ = {
			isa = XCBuildConfiguration;
			buildSettings = {
				ASSETCATALOG_COMPILER_APPICON_NAME = AppIcon;
				CODE_SIGNING_REQUIRED = NO;
				CODE_SIGN_ENTITLEMENTS = DisplayPlus/DisplayPlus.entitlements;
				CODE_SIGN_IDENTITY = "-";
				COMBINE_HIDPI_IMAGES = YES;
				ENABLE_HARDENED_RUNTIME = YES;
				GENERATE_INFOPLIST_FILE = YES;
				INFOPLIST_KEY_CFBundleDisplayName = "Display+";
				INFOPLIST_KEY_LSUIElement = YES;
				INFOPLIST_KEY_NSHumanReadableCopyright = "Display+ - Free & Open Source";
				LD_RUNPATH_SEARCH_PATHS = (
					"$(inherited)",
					"@executable_path/../Frameworks",
				);
				MACOSX_DEPLOYMENT_TARGET = 14.0;
				PRODUCT_BUNDLE_IDENTIFIER = com.displayplus.app;
				SDKROOT = macosx;
				SWIFT_STRICT_CONCURRENCY = minimal;
				SWIFT_VERSION = 6.0;
			};
			name = Debug;
		};
		677CC447E28C982DB0C99F82 /* Release */ = {
			isa = XCBuildConfiguration;
			buildSettings = {
				ALWAYS_SEARCH_USER_PATHS = NO;
				CLANG_ANALYZER_NONNULL = YES;
				CLANG_ANALYZER_NUMBER_OBJECT_CONVERSION = YES_AGGRESSIVE;
				CLANG_CXX_LANGUAGE_STANDARD = "gnu++14";
				CLANG_CXX_LIBRARY = "libc++";
				CLANG_ENABLE_MODULES = YES;
				CLANG_ENABLE_OBJC_ARC = YES;
				CLANG_ENABLE_OBJC_WEAK = YES;
				CLANG_WARN_BLOCK_CAPTURE_AUTORELEASING = YES;
				CLANG_WARN_BOOL_CONVERSION = YES;
				CLANG_WARN_COMMA = YES;
				CLANG_WARN_CONSTANT_CONVERSION = YES;
				CLANG_WARN_DEPRECATED_OBJC_IMPLEMENTATIONS = YES;
				CLANG_WARN_DIRECT_OBJC_ISA_USAGE = YES_ERROR;
				CLANG_WARN_DOCUMENTATION_COMMENTS = YES;
				CLANG_WARN_EMPTY_BODY = YES;
				CLANG_WARN_ENUM_CONVERSION = YES;
				CLANG_WARN_INFINITE_RECURSION = YES;
				CLANG_WARN_INT_CONVERSION = YES;
				CLANG_WARN_NON_LITERAL_NULL_CONVERSION = YES;
				CLANG_WARN_OBJC_IMPLICIT_RETAIN_SELF = YES;
				CLANG_WARN_OBJC_LITERAL_CONVERSION = YES;
				CLANG_WARN_OBJC_ROOT_CLASS = YES_ERROR;
				CLANG_WARN_QUOTED_INCLUDE_IN_FRAMEWORK_HEADER = YES;
				CLANG_WARN_RANGE_LOOP_ANALYSIS = YES;
				CLANG_WARN_STRICT_PROTOTYPES = YES;
				CLANG_WARN_SUSPICIOUS_MOVE = YES;
				CLANG_WARN_UNGUARDED_AVAILABILITY = YES_AGGRESSIVE;
				CLANG_WARN_UNREACHABLE_CODE = YES;
				CLANG_WARN__DUPLICATE_METHOD_MATCH = YES;
				COPY_PHASE_STRIP = NO;
				DEBUG_INFORMATION_FORMAT = "dwarf-with-dsym";
				ENABLE_NS_ASSERTIONS = NO;
				ENABLE_STRICT_OBJC_MSGSEND = YES;
				GCC_C_LANGUAGE_STANDARD = gnu11;
				GCC_NO_COMMON_BLOCKS = YES;
				GCC_WARN_64_TO_32_BIT_CONVERSION = YES;
				GCC_WARN_ABOUT_RETURN_TYPE = YES_ERROR;
				GCC_WARN_UNDECLARED_SELECTOR = YES;
				GCC_WARN_UNINITIALIZED_AUTOS = YES_AGGRESSIVE;
				GCC_WARN_UNUSED_FUNCTION = YES;
				GCC_WARN_UNUSED_VARIABLE = YES;
				MACOSX_DEPLOYMENT_TARGET = 14.0;
				MTL_ENABLE_DEBUG_INFO = NO;
				MTL_FAST_MATH = YES;
				PRODUCT_NAME = "$(TARGET_NAME)";
				SDKROOT = macosx;
				SWIFT_COMPILATION_MODE = wholemodule;
				SWIFT_OPTIMIZATION_LEVEL = "-O";
				SWIFT_VERSION = 5.0;
			};
			name = Release;
		};
		86C376CF00DBB8D72D118085 /* Release */ = {
			isa = XCBuildConfiguration;
			buildSettings = {
				ASSETCATALOG_COMPILER_APPICON_NAME = AppIcon;
				CODE_SIGNING_REQUIRED = NO;
				CODE_SIGN_ENTITLEMENTS = DisplayPlus/DisplayPlus.entitlements;
				CODE_SIGN_IDENTITY = "-";
				COMBINE_HIDPI_IMAGES = YES;
				ENABLE_HARDENED_RUNTIME = YES;
				GENERATE_INFOPLIST_FILE = YES;
				INFOPLIST_KEY_CFBundleDisplayName = "Display+";
				INFOPLIST_KEY_LSUIElement = YES;
				INFOPLIST_KEY_NSHumanReadableCopyright = "Display+ - Free & Open Source";
				LD_RUNPATH_SEARCH_PATHS = (
					"$(inherited)",
					"@executable_path/../Frameworks",
				);
				MACOSX_DEPLOYMENT_TARGET = 14.0;
				PRODUCT_BUNDLE_IDENTIFIER = com.displayplus.app;
				SDKROOT = macosx;
				SWIFT_STRICT_CONCURRENCY = minimal;
				SWIFT_VERSION = 6.0;
			};
			name = Release;
		};
		B63472A122D112FBD6905611 /* Debug */ = {
			isa = XCBuildConfiguration;
			buildSettings = {
				ALWAYS_SEARCH_USER_PATHS = NO;
				CLANG_ANALYZER_NONNULL = YES;
				CLANG_ANALYZER_NUMBER_OBJECT_CONVERSION = YES_AGGRESSIVE;
				CLANG_CXX_LANGUAGE_STANDARD = "gnu++14";
				CLANG_CXX_LIBRARY = "libc++";
				CLANG_ENABLE_MODULES = YES;
				CLANG_ENABLE_OBJC_ARC = YES;
				CLANG_ENABLE_OBJC_WEAK = YES;
				CLANG_WARN_BLOCK_CAPTURE_AUTORELEASING = YES;
				CLANG_WARN_BOOL_CONVERSION = YES;
				CLANG_WARN_COMMA = YES;
				CLANG_WARN_CONSTANT_CONVERSION = YES;
				CLANG_WARN_DEPRECATED_OBJC_IMPLEMENTATIONS = YES;
				CLANG_WARN_DIRECT_OBJC_ISA_USAGE = YES_ERROR;
				CLANG_WARN_DOCUMENTATION_COMMENTS = YES;
				CLANG_WARN_EMPTY_BODY = YES;
				CLANG_WARN_ENUM_CONVERSION = YES;
				CLANG_WARN_INFINITE_RECURSION = YES;
				CLANG_WARN_INT_CONVERSION = YES;
				CLANG_WARN_NON_LITERAL_NULL_CONVERSION = YES;
				CLANG_WARN_OBJC_IMPLICIT_RETAIN_SELF = YES;
				CLANG_WARN_OBJC_LITERAL_CONVERSION = YES;
				CLANG_WARN_OBJC_ROOT_CLASS = YES_ERROR;
				CLANG_WARN_QUOTED_INCLUDE_IN_FRAMEWORK_HEADER = YES;
				CLANG_WARN_RANGE_LOOP_ANALYSIS = YES;
				CLANG_WARN_STRICT_PROTOTYPES = YES;
				CLANG_WARN_SUSPICIOUS_MOVE = YES;
				CLANG_WARN_UNGUARDED_AVAILABILITY = YES_AGGRESSIVE;
				CLANG_WARN_UNREACHABLE_CODE = YES;
				CLANG_WARN__DUPLICATE_METHOD_MATCH = YES;
				COPY_PHASE_STRIP = NO;
				DEBUG_INFORMATION_FORMAT = dwarf;
				ENABLE_STRICT_OBJC_MSGSEND = YES;
				ENABLE_TESTABILITY = YES;
				GCC_C_LANGUAGE_STANDARD = gnu11;
				GCC_DYNAMIC_NO_PIC = NO;
				GCC_NO_COMMON_BLOCKS = YES;
				GCC_OPTIMIZATION_LEVEL = 0;
				GCC_PREPROCESSOR_DEFINITIONS = (
					"$(inherited)",
					"DEBUG=1",
				);
				GCC_WARN_64_TO_32_BIT_CONVERSION = YES;
				GCC_WARN_ABOUT_RETURN_TYPE = YES_ERROR;
				GCC_WARN_UNDECLARED_SELECTOR = YES;
				GCC_WARN_UNINITIALIZED_AUTOS = YES_AGGRESSIVE;
				GCC_WARN_UNUSED_FUNCTION = YES;
				GCC_WARN_UNUSED_VARIABLE = YES;
				MACOSX_DEPLOYMENT_TARGET = 14.0;
				MTL_ENABLE_DEBUG_INFO = INCLUDE_SOURCE;
				MTL_FAST_MATH = YES;
				ONLY_ACTIVE_ARCH = YES;
				PRODUCT_NAME = "$(TARGET_NAME)";
				SDKROOT = macosx;
				SWIFT_ACTIVE_COMPILATION_CONDITIONS = DEBUG;
				SWIFT_OPTIMIZATION_LEVEL = "-Onone";
				SWIFT_VERSION = 5.0;
			};
			name = Debug;
		};
/* End XCBuildConfiguration section */

/* Begin XCConfigurationList section */
		ADA547EB0366E5D3D2229342 /* Build configuration list for PBXProject "DisplayPlus" */ = {
			isa = XCConfigurationList;
			buildConfigurations = (
				B63472A122D112FBD6905611 /* Debug */,
				677CC447E28C982DB0C99F82 /* Release */,
			);
			defaultConfigurationIsVisible = 0;
			defaultConfigurationName = Debug;
		};
		B7FAE3450150E3C5DFD82D56 /* Build configuration list for PBXNativeTarget "DisplayPlus" */ = {
			isa = XCConfigurationList;
			buildConfigurations = (
				2FCCCE1BFA6DF04F49F915D6 /* Debug */,
				86C376CF00DBB8D72D118085 /* Release */,
			);
			defaultConfigurationIsVisible = 0;
			defaultConfigurationName = Debug;
		};
/* End XCConfigurationList section */
	};
	rootObject = 5F6DB6EF0C511644AA5666C1 /* Project object */;
}
